
Microsoft Visual Studio Solution File, Format Version 11.00
# Visual Studio 2010
Project("{FAE04EC0-301F-11D3-BF4B-00C04F79EFBC}") = "Assembly-CSharp", "Assembly-CSharp.csproj", "{68065D3B-C24E-D59B-753F-F58174D28C1D}"
EndProject
Project("{FAE04EC0-301F-11D3-BF4B-00C04F79EFBC}") = "spine-unity-examples", "spine-unity-examples.csproj", "{4DE6A650-27D3-857E-876D-D3F4D725283C}"
EndProject
Project("{FAE04EC0-301F-11D3-BF4B-00C04F79EFBC}") = "spine-unity", "spine-unity.csproj", "{407D329D-F149-4715-6BFB-76CADBAF629B}"
EndProject
Project("{FAE04EC0-301F-11D3-BF4B-00C04F79EFBC}") = "spine-unity-editor", "spine-unity-editor.csproj", "{8D87DB71-6425-1F4A-818E-6B8240F029EF}"
EndProject
Project("{FAE04EC0-301F-11D3-BF4B-00C04F79EFBC}") = "spine-unity-examples-editor", "spine-unity-examples-editor.csproj", "{C3D25BBF-8041-42D0-49A2-846597F8F3E2}"
EndProject
Global
	GlobalSection(SolutionConfigurationPlatforms) = preSolution
		Debug|Any CPU = Debug|Any CPU
		Release|Any CPU = Release|Any CPU
	EndGlobalSection
	GlobalSection(ProjectConfigurationPlatforms) = postSolution
		{68065D3B-C24E-D59B-753F-F58174D28C1D}.Debug|Any CPU.ActiveCfg = Debug|Any CPU
		{68065D3B-C24E-D59B-753F-F58174D28C1D}.Debug|Any CPU.Build.0 = Debug|Any CPU
		{68065D3B-C24E-D59B-753F-F58174D28C1D}.Release|Any CPU.ActiveCfg = Release|Any CPU
		{68065D3B-C24E-D59B-753F-F58174D28C1D}.Release|Any CPU.Build.0 = Release|Any CPU
		{4DE6A650-27D3-857E-876D-D3F4D725283C}.Debug|Any CPU.ActiveCfg = Debug|Any CPU
		{4DE6A650-27D3-857E-876D-D3F4D725283C}.Debug|Any CPU.Build.0 = Debug|Any CPU
		{4DE6A650-27D3-857E-876D-D3F4D725283C}.Release|Any CPU.ActiveCfg = Release|Any CPU
		{4DE6A650-27D3-857E-876D-D3F4D725283C}.Release|Any CPU.Build.0 = Release|Any CPU
		{407D329D-F149-4715-6BFB-76CADBAF629B}.Debug|Any CPU.ActiveCfg = Debug|Any CPU
		{407D329D-F149-4715-6BFB-76CADBAF629B}.Debug|Any CPU.Build.0 = Debug|Any CPU
		{407D329D-F149-4715-6BFB-76CADBAF629B}.Release|Any CPU.ActiveCfg = Release|Any CPU
		{407D329D-F149-4715-6BFB-76CADBAF629B}.Release|Any CPU.Build.0 = Release|Any CPU
		{8D87DB71-6425-1F4A-818E-6B8240F029EF}.Debug|Any CPU.ActiveCfg = Debug|Any CPU
		{8D87DB71-6425-1F4A-818E-6B8240F029EF}.Debug|Any CPU.Build.0 = Debug|Any CPU
		{8D87DB71-6425-1F4A-818E-6B8240F029EF}.Release|Any CPU.ActiveCfg = Release|Any CPU
		{8D87DB71-6425-1F4A-818E-6B8240F029EF}.Release|Any CPU.Build.0 = Release|Any CPU
		{C3D25BBF-8041-42D0-49A2-846597F8F3E2}.Debug|Any CPU.ActiveCfg = Debug|Any CPU
		{C3D25BBF-8041-42D0-49A2-846597F8F3E2}.Debug|Any CPU.Build.0 = Debug|Any CPU
		{C3D25BBF-8041-42D0-49A2-846597F8F3E2}.Release|Any CPU.ActiveCfg = Release|Any CPU
		{C3D25BBF-8041-42D0-49A2-846597F8F3E2}.Release|Any CPU.Build.0 = Release|Any CPU
	EndGlobalSection
	GlobalSection(SolutionProperties) = preSolution
		HideSolutionNode = FALSE
	EndGlobalSection
EndGlobal
